name: Debt Clock

on:
  schedule:
    - cron: '0 9 * * *'
  workflow_dispatch:

jobs:
  debt_tick:
    name: Debt Tick
    runs-on: ubuntu-latest
    timeout-minutes: 5
    steps:
      - uses: actions/checkout@v4

      - name: Set up Python
        uses: actions/setup-python@v5
        with:
          python-version: '3.11'

      - name: Install dependencies
        run: pip install -r requirements.txt

      - name: Run debt tick
        env:
          SUPABASE_URL: ${{ secrets.SUPABASE_URL }}
          SUPABASE_KEY: ${{ secrets.SUPABASE_KEY }}
          NVIDIA_API_KEY: ${{ secrets.NVIDIA_API_KEY }}
          GROQ_API_KEY: ${{ secrets.GROQ_API_KEY }}
          GEMINI_API_KEY: ${{ secrets.GEMINI_API_KEY }}
          MISTRAL_API_KEY: ${{ secrets.MISTRAL_API_KEY }}
          OPENROUTER_API_KEY: ${{ secrets.OPENROUTER_API_KEY }}
        run: |
          python scripts/debt_tick.py